
Microsoft Visual Studio Solution File, Format Version 12.00
# Visual Studio Version 16
VisualStudioVersion = 16.0.29215.179
MinimumVisualStudioVersion = 10.0.40219.1
Project("{FAE04EC0-301F-11D3-BF4B-00C04F79EFBC}") = "NET-Google-Tests", "NET-Google-Tests\NET-Google-Tests.csproj", "{FCCC925D-667A-4075-BFFF-6D404C2E7C9E}"
EndProject
Global
	GlobalSection(SolutionConfigurationPlatforms) = preSolution
		Debug|Any CPU = Debug|Any CPU
		Release|Any CPU = Release|Any CPU
	EndGlobalSection
	GlobalSection(ProjectConfigurationPlatforms) = postSolution
		{FCCC925D-667A-4075-BFFF-6D404C2E7C9E}.Debug|Any CPU.ActiveCfg = Debug|Any CPU
		{FCCC925D-667A-4075-BFFF-6D404C2E7C9E}.Debug|Any CPU.Build.0 = Debug|Any CPU
		{FCCC925D-667A-4075-BFFF-6D404C2E7C9E}.Release|Any CPU.ActiveCfg = Release|Any CPU
		{FCCC925D-667A-4075-BFFF-6D404C2E7C9E}.Release|Any CPU.Build.0 = Release|Any CPU
	EndGlobalSection
	GlobalSection(SolutionProperties) = preSolution
		HideSolutionNode = FALSE
	EndGlobalSection
	GlobalSection(ExtensibilityGlobals) = postSolution
		SolutionGuid = {67C54DD0-805E-4BBB-A06F-6D3F9256C9ED}
	EndGlobalSection
EndGlobal
